<?xml version="1.0" encoding="utf-8"?>
<Project ToolsVersion="4.0" xmlns="http://schemas.microsoft.com/developer/msbuild/2003">
  <ItemGroup>
    <Filter Include="소스 파일">
      <UniqueIdentifier>{4FC737F1-C7A5-4376-A066-2A32D752A2FF}</UniqueIdentifier>
      <Extensions>cpp;c;cc;cxx;def;odl;idl;hpj;bat;asm;asmx</Extensions>
    </Filter>
    <Filter Include="헤더 파일">
      <UniqueIdentifier>{93995380-89BD-4b04-88EB-625FBE52EBFB}</UniqueIdentifier>
      <Extensions>h;hh;hpp;hxx;hm;inl;inc;xsd</Extensions>
    </Filter>
    <Filter Include="리소스 파일">
      <UniqueIdentifier>{67DA6AB6-F800-4c08-8B7A-83BB121AAD01}</UniqueIdentifier>
      <Extensions>rc;ico;cur;bmp;dlg;rc2;rct;bin;rgs;gif;jpg;jpeg;jpe;resx;tiff;tif;png;wav;mfcribbon-ms</Extensions>
    </Filter>
    <Filter Include="소스 파일\System">
      <UniqueIdentifier>{bf9fc4cd-78b1-451e-9f16-d9102b60fc9a}</UniqueIdentifier>
    </Filter>
    <Filter Include="소스 파일\System\DataStructure">
      <UniqueIdentifier>{65cfda12-bbd5-46c4-b9df-0fb11464d2f2}</UniqueIdentifier>
    </Filter>
    <Filter Include="소스 파일\System\Security">
      <UniqueIdentifier>{8789172b-8c2f-4183-bafc-7e97052209be}</UniqueIdentifier>
    </Filter>
    <Filter Include="소스 파일\System\Service">
      <UniqueIdentifier>{2e8ea5dc-4a7f-422f-a869-c3acf5c91500}</UniqueIdentifier>
    </Filter>
    <Filter Include="소스 파일\System\Thread">
      <UniqueIdentifier>{06913fbf-d163-4ed8-a055-3bd467dbe899}</UniqueIdentifier>
    </Filter>
    <Filter Include="소스 파일\Network">
      <UniqueIdentifier>{bede8231-036d-443a-be07-4f74afddecbf}</UniqueIdentifier>
    </Filter>
    <Filter Include="소스 파일\Network\Client">
      <UniqueIdentifier>{856a89bf-90f3-48a1-b6e7-d14a775fec93}</UniqueIdentifier>
    </Filter>
    <Filter Include="소스 파일\Network\Server">
      <UniqueIdentifier>{a9a0ae65-57e2-4181-b6fa-baad66395ae0}</UniqueIdentifier>
    </Filter>
  </ItemGroup>
  <ItemGroup>
    <ClCompile Include="CStream.cpp">
      <Filter>소스 파일\System\DataStructure</Filter>
    </ClCompile>
    <ClCompile Include="CIniFile.cpp">
      <Filter>소스 파일\System</Filter>
    </ClCompile>
    <ClCompile Include="CRegistry.cpp">
      <Filter>소스 파일\System</Filter>
    </ClCompile>
    <ClCompile Include="CCrypt.cpp">
      <Filter>소스 파일\System\Security</Filter>
    </ClCompile>
    <ClCompile Include="CService.cpp">
      <Filter>소스 파일\System\Service</Filter>
    </ClCompile>
    <ClCompile Include="Program.cpp">
      <Filter>소스 파일</Filter>
    </ClCompile>
    <ClCompile Include="CMiniDump.cpp">
      <Filter>소스 파일\System\Service</Filter>
    </ClCompile>
    <ClCompile Include="CNetworkSession.cpp">
      <Filter>소스 파일\Network</Filter>
    </ClCompile>
    <ClCompile Include="CCircularQueue.cpp">
      <Filter>소스 파일\System\DataStructure</Filter>
    </ClCompile>
    <ClCompile Include="CPacketSession.cpp">
      <Filter>소스 파일\Network</Filter>
    </ClCompile>
    <ClCompile Include="Test.cpp">
      <Filter>소스 파일</Filter>
    </ClCompile>
    <ClCompile Include="CClientSession.cpp">
      <Filter>소스 파일\Network\Client</Filter>
    </ClCompile>
    <ClCompile Include="CEventSelect.cpp">
      <Filter>소스 파일\Network\Client</Filter>
    </ClCompile>
    <ClCompile Include="CIOCP.cpp">
      <Filter>소스 파일\Network\Server</Filter>
    </ClCompile>
  </ItemGroup>
  <ItemGroup>
    <ClInclude Include="CStream.h">
      <Filter>소스 파일\System\DataStructure</Filter>
    </ClInclude>
    <ClInclude Include="CCircularQueue.h">
      <Filter>소스 파일\System\DataStructure</Filter>
    </ClInclude>
    <ClInclude Include="CRegistry.h">
      <Filter>소스 파일\System</Filter>
    </ClInclude>
    <ClInclude Include="CIniFile.h">
      <Filter>소스 파일\System</Filter>
    </ClInclude>
    <ClInclude Include="CMemoryPool.h">
      <Filter>소스 파일\System\DataStructure</Filter>
    </ClInclude>
    <ClInclude Include="CCrypt.h">
      <Filter>소스 파일\System\Security</Filter>
    </ClInclude>
    <ClInclude Include="CService.h">
      <Filter>소스 파일\System\Service</Filter>
    </ClInclude>
    <ClInclude Include="CLog.h">
      <Filter>소스 파일\System\Service</Filter>
    </ClInclude>
    <ClInclude Include="CMiniDump.h">
      <Filter>소스 파일\System\Service</Filter>
    </ClInclude>
    <ClInclude Include="CMultiThreadSync.h">
      <Filter>소스 파일\System\Thread</Filter>
    </ClInclude>
    <ClInclude Include="Common.h">
      <Filter>소스 파일</Filter>
    </ClInclude>
    <ClInclude Include="CNetworkSession.h">
      <Filter>소스 파일\Network</Filter>
    </ClInclude>
    <ClInclude Include="CPacketSession.h">
      <Filter>소스 파일\Network</Filter>
    </ClInclude>
    <ClInclude Include="CEventSelect.h">
      <Filter>소스 파일\Network\Client</Filter>
    </ClInclude>
    <ClInclude Include="CClientSession.h">
      <Filter>소스 파일\Network\Client</Filter>
    </ClInclude>
    <ClInclude Include="CIOCP.h">
      <Filter>소스 파일\Network\Server</Filter>
    </ClInclude>
  </ItemGroup>
</Project>